
Microsoft Visual Studio Solution File, Format Version 12.00
# Visual Studio Version 16
VisualStudioVersion = 16.0.30717.126
MinimumVisualStudioVersion = 10.0.40219.1
Project("{FAE04EC0-301F-11D3-BF4B-00C04F79EFBC}") = "QLNhaHang", "QLNhaHang.csproj", "{9F80143C-1FC1-4D9F-8CDD-699546E6E67D}"
EndProject
Global
	GlobalSection(SolutionConfigurationPlatforms) = preSolution
		Debug|Any CPU = Debug|Any CPU
		Release|Any CPU = Release|Any CPU
	EndGlobalSection
	GlobalSection(ProjectConfigurationPlatforms) = postSolution
		{9F80143C-1FC1-4D9F-8CDD-699546E6E67D}.Debug|Any CPU.ActiveCfg = Debug|Any CPU
		{9F80143C-1FC1-4D9F-8CDD-699546E6E67D}.Debug|Any CPU.Build.0 = Debug|Any CPU
		{9F80143C-1FC1-4D9F-8CDD-699546E6E67D}.Release|Any CPU.ActiveCfg = Release|Any CPU
		{9F80143C-1FC1-4D9F-8CDD-699546E6E67D}.Release|Any CPU.Build.0 = Release|Any CPU
	EndGlobalSection
	GlobalSection(SolutionProperties) = preSolution
		HideSolutionNode = FALSE
	EndGlobalSection
	GlobalSection(ExtensibilityGlobals) = postSolution
		SolutionGuid = {82064F86-4EED-4AD5-8546-565C84CC9D0A}
	EndGlobalSection
EndGlobal
